
Microsoft Visual Studio Solution File, Format Version 12.00
# Visual Studio Version 17
VisualStudioVersion = 17.7.34024.191
MinimumVisualStudioVersion = 10.0.40219.1
Project("{FAE04EC0-301F-11D3-BF4B-00C04F79EFBC}") = "BasketballMVC", "BasketballMVC\BasketballMVC.csproj", "{11A0E4C4-50B9-40EC-B5F2-18C03076B921}"
EndProject
Global
	GlobalSection(SolutionConfigurationPlatforms) = preSolution
		Debug|Any CPU = Debug|Any CPU
		Release|Any CPU = Release|Any CPU
	EndGlobalSection
	GlobalSection(ProjectConfigurationPlatforms) = postSolution
		{11A0E4C4-50B9-40EC-B5F2-18C03076B921}.Debug|Any CPU.ActiveCfg = Debug|Any CPU
		{11A0E4C4-50B9-40EC-B5F2-18C03076B921}.Debug|Any CPU.Build.0 = Debug|Any CPU
		{11A0E4C4-50B9-40EC-B5F2-18C03076B921}.Release|Any CPU.ActiveCfg = Release|Any CPU
		{11A0E4C4-50B9-40EC-B5F2-18C03076B921}.Release|Any CPU.Build.0 = Release|Any CPU
	EndGlobalSection
	GlobalSection(SolutionProperties) = preSolution
		HideSolutionNode = FALSE
	EndGlobalSection
	GlobalSection(ExtensibilityGlobals) = postSolution
		SolutionGuid = {83FA2F5F-5347-4261-A1D5-79D5F813B191}
	EndGlobalSection
EndGlobal
